
Microsoft Visual Studio Solution File, Format Version 12.00
# Visual Studio 2013
VisualStudioVersion = 12.0.21005.1
MinimumVisualStudioVersion = 10.0.40219.1
Project("{FAE04EC0-301F-11D3-BF4B-00C04F79EFBC}") = "TX.Framework.WindowUI", "TX.Framework.WindowUI\TX.Framework.WindowUI.csproj", "{E8746B10-EAAF-44B7-95CC-29E4C42EC8D5}"
EndProject
Project("{FAE04EC0-301F-11D3-BF4B-00C04F79EFBC}") = "WindowsTest", "WindowsTest\WindowsTest.csproj", "{86B6AF02-7C7A-4CA9-A3C2-3B92EEF8DB3A}"
EndProject
Global
	GlobalSection(SolutionConfigurationPlatforms) = preSolution
		Debug|Any CPU = Debug|Any CPU
		Debug|Mixed Platforms = Debug|Mixed Platforms
		Debug|x86 = Debug|x86
		Release|Any CPU = Release|Any CPU
		Release|Mixed Platforms = Release|Mixed Platforms
		Release|x86 = Release|x86
	EndGlobalSection
	GlobalSection(ProjectConfigurationPlatforms) = postSolution
		{E8746B10-EAAF-44B7-95CC-29E4C42EC8D5}.Debug|Any CPU.ActiveCfg = Debug|Any CPU
		{E8746B10-EAAF-44B7-95CC-29E4C42EC8D5}.Debug|Any CPU.Build.0 = Debug|Any CPU
		{E8746B10-EAAF-44B7-95CC-29E4C42EC8D5}.Debug|Mixed Platforms.ActiveCfg = Debug|x86
		{E8746B10-EAAF-44B7-95CC-29E4C42EC8D5}.Debug|Mixed Platforms.Build.0 = Debug|x86
		{E8746B10-EAAF-44B7-95CC-29E4C42EC8D5}.Debug|x86.ActiveCfg = Debug|x86
		{E8746B10-EAAF-44B7-95CC-29E4C42EC8D5}.Debug|x86.Build.0 = Debug|x86
		{E8746B10-EAAF-44B7-95CC-29E4C42EC8D5}.Release|Any CPU.ActiveCfg = Release|Any CPU
		{E8746B10-EAAF-44B7-95CC-29E4C42EC8D5}.Release|Any CPU.Build.0 = Release|Any CPU
		{E8746B10-EAAF-44B7-95CC-29E4C42EC8D5}.Release|Mixed Platforms.ActiveCfg = Release|x86
		{E8746B10-EAAF-44B7-95CC-29E4C42EC8D5}.Release|Mixed Platforms.Build.0 = Release|x86
		{E8746B10-EAAF-44B7-95CC-29E4C42EC8D5}.Release|x86.ActiveCfg = Release|x86
		{E8746B10-EAAF-44B7-95CC-29E4C42EC8D5}.Release|x86.Build.0 = Release|x86
		{86B6AF02-7C7A-4CA9-A3C2-3B92EEF8DB3A}.Debug|Any CPU.ActiveCfg = Debug|x86
		{86B6AF02-7C7A-4CA9-A3C2-3B92EEF8DB3A}.Debug|Mixed Platforms.ActiveCfg = Debug|x86
		{86B6AF02-7C7A-4CA9-A3C2-3B92EEF8DB3A}.Debug|Mixed Platforms.Build.0 = Debug|x86
		{86B6AF02-7C7A-4CA9-A3C2-3B92EEF8DB3A}.Debug|x86.ActiveCfg = Debug|x86
		{86B6AF02-7C7A-4CA9-A3C2-3B92EEF8DB3A}.Debug|x86.Build.0 = Debug|x86
		{86B6AF02-7C7A-4CA9-A3C2-3B92EEF8DB3A}.Release|Any CPU.ActiveCfg = Release|x86
		{86B6AF02-7C7A-4CA9-A3C2-3B92EEF8DB3A}.Release|Mixed Platforms.ActiveCfg = Release|x86
		{86B6AF02-7C7A-4CA9-A3C2-3B92EEF8DB3A}.Release|Mixed Platforms.Build.0 = Release|x86
		{86B6AF02-7C7A-4CA9-A3C2-3B92EEF8DB3A}.Release|x86.ActiveCfg = Release|x86
		{86B6AF02-7C7A-4CA9-A3C2-3B92EEF8DB3A}.Release|x86.Build.0 = Release|x86
	EndGlobalSection
	GlobalSection(SolutionProperties) = preSolution
		HideSolutionNode = FALSE
	EndGlobalSection
EndGlobal
